// !$*UTF8*$!
{
	archiveVersion = 1;
	classes = {
	};
	objectVersion = 50;
	objects = {

/* Begin PBXBuildFile section */
		BB3319BA2730AF7400891749 /* AppDelegate.swift in Sources */ = {isa = PBXBuildFile; fileRef = BB3319B92730AF7400891749 /* AppDelegate.swift */; };
		BB3319BC2730AF7400891749 /* SceneDelegate.swift in Sources */ = {isa = PBXBuildFile; fileRef = BB3319BB2730AF7400891749 /* SceneDelegate.swift */; };
		BB3319C02730AF7500891749 /* Assets.xcassets in Resources */ = {isa = PBXBuildFile; fileRef = BB3319BF2730AF7500891749 /* Assets.xcassets */; };
		BB3319C32730AF7500891749 /* Preview Assets.xcassets in Resources */ = {isa = PBXBuildFile; fileRef = BB3319C22730AF7500891749 /* Preview Assets.xcassets */; };
		BB3319C62730AF7500891749 /* LaunchScreen.storyboard in Resources */ = {isa = PBXBuildFile; fileRef = BB3319C42730AF7500891749 /* LaunchScreen.storyboard */; };
		BB3319D12730AF7500891749 /* homeworkTests.swift in Sources */ = {isa = PBXBuildFile; fileRef = BB3319D02730AF7500891749 /* homeworkTests.swift */; };
		BB3319DC2730AF7500891749 /* homeworkUITests.swift in Sources */ = {isa = PBXBuildFile; fileRef = BB3319DB2730AF7500891749 /* homeworkUITests.swift */; };
		BB3319EE2730C67B00891749 /* UserListView.swift in Sources */ = {isa = PBXBuildFile; fileRef = BB3319ED2730C67B00891749 /* UserListView.swift */; };
/* End PBXBuildFile section */

/* Begin PBXContainerItemProxy section */
		BB3319CD2730AF7500891749 /* PBXContainerItemProxy */ = {
			isa = PBXContainerItemProxy;
			containerPortal = BB3319AE2730AF7400891749 /* Project object */;
			proxyType = 1;
			remoteGlobalIDString = BB3319B52730AF7400891749;
			remoteInfo = homework;
		};
		BB3319D82730AF7500891749 /* PBXContainerItemProxy */ = {
			isa = PBXContainerItemProxy;
			containerPortal = BB3319AE2730AF7400891749 /* Project object */;
			proxyType = 1;
			remoteGlobalIDString = BB3319B52730AF7400891749;
			remoteInfo = homework;
		};
/* End PBXContainerItemProxy section */

/* Begin PBXFileReference section */
		BB3319B62730AF7400891749 /* homework.app */ = {isa = PBXFileReference; explicitFileType = wrapper.application; includeInIndex = 0; path = homework.app; sourceTree = BUILT_PRODUCTS_DIR; };
		BB3319B92730AF7400891749 /* AppDelegate.swift */ = {isa = PBXFileReference; lastKnownFileType = sourcecode.swift; path = AppDelegate.swift; sourceTree = "<group>"; };
		BB3319BB2730AF7400891749 /* SceneDelegate.swift */ = {isa = PBXFileReference; lastKnownFileType = sourcecode.swift; path = SceneDelegate.swift; sourceTree = "<group>"; };
		BB3319BF2730AF7500891749 /* Assets.xcassets */ = {isa = PBXFileReference; lastKnownFileType = folder.assetcatalog; path = Assets.xcassets; sourceTree = "<group>"; };
		BB3319C22730AF7500891749 /* Preview Assets.xcassets */ = {isa = PBXFileReference; lastKnownFileType = folder.assetcatalog; path = "Preview Assets.xcassets"; sourceTree = "<group>"; };
		BB3319C52730AF7500891749 /* Base */ = {isa = PBXFileReference; lastKnownFileType = file.storyboard; name = Base; path = Base.lproj/LaunchScreen.storyboard; sourceTree = "<group>"; };
		BB3319C72730AF7500891749 /* Info.plist */ = {isa = PBXFileReference; lastKnownFileType = text.plist.xml; path = Info.plist; sourceTree = "<group>"; };
		BB3319CC2730AF7500891749 /* homeworkTests.xctest */ = {isa = PBXFileReference; explicitFileType = wrapper.cfbundle; includeInIndex = 0; path = homeworkTests.xctest; sourceTree = BUILT_PRODUCTS_DIR; };
		BB3319D02730AF7500891749 /* homeworkTests.swift */ = {isa = PBXFileReference; lastKnownFileType = sourcecode.swift; path = homeworkTests.swift; sourceTree = "<group>"; };
		BB3319D22730AF7500891749 /* Info.plist */ = {isa = PBXFileReference; lastKnownFileType = text.plist.xml; path = Info.plist; sourceTree = "<group>"; };
		BB3319D72730AF7500891749 /* homeworkUITests.xctest */ = {isa = PBXFileReference; explicitFileType = wrapper.cfbundle; includeInIndex = 0; path = homeworkUITests.xctest; sourceTree = BUILT_PRODUCTS_DIR; };
		BB3319DB2730AF7500891749 /* homeworkUITests.swift */ = {isa = PBXFileReference; lastKnownFileType = sourcecode.swift; path = homeworkUITests.swift; sourceTree = "<group>"; };
		BB3319DD2730AF7500891749 /* Info.plist */ = {isa = PBXFileReference; lastKnownFileType = text.plist.xml; path = Info.plist; sourceTree = "<group>"; };
		BB3319ED2730C67B00891749 /* UserListView.swift */ = {isa = PBXFileReference; lastKnownFileType = sourcecode.swift; path = UserListView.swift; sourceTree = "<group>"; };
/* End PBXFileReference section */

/* Begin PBXFrameworksBuildPhase section */
		BB3319B32730AF7400891749 /* Frameworks */ = {
			isa = PBXFrameworksBuildPhase;
			buildActionMask = 2147483647;
			files = (
			);
			runOnlyForDeploymentPostprocessing = 0;
		};
		BB3319C92730AF7500891749 /* Frameworks */ = {
			isa = PBXFrameworksBuildPhase;
			buildActionMask = 2147483647;
			files = (
			);
			runOnlyForDeploymentPostprocessing = 0;
		};
		BB3319D42730AF7500891749 /* Frameworks */ = {
			isa = PBXFrameworksBuildPhase;
			buildActionMask = 2147483647;
			files = (
			);
			runOnlyForDeploymentPostprocessing = 0;
		};
/* End PBXFrameworksBuildPhase section */

/* Begin PBXGroup section */
		BB3319AD2730AF7400891749 = {
			isa = PBXGroup;
			children = (
				BB3319B82730AF7400891749 /* homework */,
				BB3319CF2730AF7500891749 /* homeworkTests */,
				BB3319DA2730AF7500891749 /* homeworkUITests */,
				BB3319B72730AF7400891749 /* Products */,
			);
			sourceTree = "<group>";
		};
		BB3319B72730AF7400891749 /* Products */ = {
			isa = PBXGroup;
			children = (
				BB3319B62730AF7400891749 /* homework.app */,
				BB3319CC2730AF7500891749 /* homeworkTests.xctest */,
				BB3319D72730AF7500891749 /* homeworkUITests.xctest */,
			);
			name = Products;
			sourceTree = "<group>";
		};
		BB3319B82730AF7400891749 /* homework */ = {
			isa = PBXGroup;
			children = (
				BB3319B92730AF7400891749 /* AppDelegate.swift */,
				BB3319BB2730AF7400891749 /* SceneDelegate.swift */,
				BB3319ED2730C67B00891749 /* UserListView.swift */,
				BB3319BF2730AF7500891749 /* Assets.xcassets */,
				BB3319C42730AF7500891749 /* LaunchScreen.storyboard */,
				BB3319C72730AF7500891749 /* Info.plist */,
				BB3319C12730AF7500891749 /* Preview Content */,
			);
			path = homework;
			sourceTree = "<group>";
		};
		BB3319C12730AF7500891749 /* Preview Content */ = {
			isa = PBXGroup;
			children = (
				BB3319C22730AF7500891749 /* Preview Assets.xcassets */,
			);
			path = "Preview Content";
			sourceTree = "<group>";
		};
		BB3319CF2730AF7500891749 /* homeworkTests */ = {
			isa = PBXGroup;
			children = (
				BB3319D02730AF7500891749 /* homeworkTests.swift */,
				BB3319D22730AF7500891749 /* Info.plist */,
			);
			path = homeworkTests;
			sourceTree = "<group>";
		};
		BB3319DA2730AF7500891749 /* homeworkUITests */ = {
			isa = PBXGroup;
			children = (
				BB3319DB2730AF7500891749 /* homeworkUITests.swift */,
				BB3319DD2730AF7500891749 /* Info.plist */,
			);
			path = homeworkUITests;
			sourceTree = "<group>";
		};
/* End PBXGroup section */

/* Begin PBXNativeTarget section */
		BB3319B52730AF7400891749 /* homework */ = {
			isa = PBXNativeTarget;
			buildConfigurationList = BB3319E02730AF7500891749 /* Build configuration list for PBXNativeTarget "homework" */;
			buildPhases = (
				BB3319B22730AF7400891749 /* Sources */,
				BB3319B32730AF7400891749 /* Frameworks */,
				BB3319B42730AF7400891749 /* Resources */,
			);
			buildRules = (
			);
			dependencies = (
			);
			name = homework;
			productName = homework;
			productReference = BB3319B62730AF7400891749 /* homework.app */;
			productType = "com.apple.product-type.application";
		};
		BB3319CB2730AF7500891749 /* homeworkTests */ = {
			isa = PBXNativeTarget;
			buildConfigurationList = BB3319E32730AF7500891749 /* Build configuration list for PBXNativeTarget "homeworkTests" */;
			buildPhases = (
				BB3319C82730AF7500891749 /* Sources */,
				BB3319C92730AF7500891749 /* Frameworks */,
				BB3319CA2730AF7500891749 /* Resources */,
			);
			buildRules = (
			);
			dependencies = (
				BB3319CE2730AF7500891749 /* PBXTargetDependency */,
			);
			name = homeworkTests;
			productName = homeworkTests;
			productReference = BB3319CC2730AF7500891749 /* homeworkTests.xctest */;
			productType = "com.apple.product-type.bundle.unit-test";
		};
		BB3319D62730AF7500891749 /* homeworkUITests */ = {
			isa = PBXNativeTarget;
			buildConfigurationList = BB3319E62730AF7500891749 /* Build configuration list for PBXNativeTarget "homeworkUITests" */;
			buildPhases = (
				BB3319D32730AF7500891749 /* Sources */,
				BB3319D42730AF7500891749 /* Frameworks */,
				BB3319D52730AF7500891749 /* Resources */,
			);
			buildRules = (
			);
			dependencies = (
				BB3319D92730AF7500891749 /* PBXTargetDependency */,
			);
			name = homeworkUITests;
			productName = homeworkUITests;
			productReference = BB3319D72730AF7500891749 /* homeworkUITests.xctest */;
			productType = "com.apple.product-type.bundle.ui-testing";
		};
/* End PBXNativeTarget section */

/* Begin PBXProject section */
		BB3319AE2730AF7400891749 /* Project object */ = {
			isa = PBXProject;
			attributes = {
				LastSwiftUpdateCheck = 1250;
				LastUpgradeCheck = 1250;
				TargetAttributes = {
					BB3319B52730AF7400891749 = {
						CreatedOnToolsVersion = 12.5.1;
					};
					BB3319CB2730AF7500891749 = {
						CreatedOnToolsVersion = 12.5.1;
						TestTargetID = BB3319B52730AF7400891749;
					};
					BB3319D62730AF7500891749 = {
						CreatedOnToolsVersion = 12.5.1;
						TestTargetID = BB3319B52730AF7400891749;
					};
				};
			};
			buildConfigurationList = BB3319B12730AF7400891749 /* Build configuration list for PBXProject "homework" */;
			compatibilityVersion = "Xcode 9.3";
			developmentRegion = en;
			hasScannedForEncodings = 0;
			knownRegions = (
				en,
				Base,
			);
			mainGroup = BB3319AD2730AF7400891749;
			productRefGroup = BB3319B72730AF7400891749 /* Products */;
			projectDirPath = "";
			projectRoot = "";
			targets = (
				BB3319B52730AF7400891749 /* homework */,
				BB3319CB2730AF7500891749 /* homeworkTests */,
				BB3319D62730AF7500891749 /* homeworkUITests */,
			);
		};
/* End PBXProject section */

/* Begin PBXResourcesBuildPhase section */
		BB3319B42730AF7400891749 /* Resources */ = {
			isa = PBXResourcesBuildPhase;
			buildActionMask = 2147483647;
			files = (
				BB3319C62730AF7500891749 /* LaunchScreen.storyboard in Resources */,
				BB3319C32730AF7500891749 /* Preview Assets.xcassets in Resources */,
				BB3319C02730AF7500891749 /* Assets.xcassets in Resources */,
			);
			runOnlyForDeploymentPostprocessing = 0;
		};
		BB3319CA2730AF7500891749 /* Resources */ = {
			isa = PBXResourcesBuildPhase;
			buildActionMask = 2147483647;
			files = (
			);
			runOnlyForDeploymentPostprocessing = 0;
		};
		BB3319D52730AF7500891749 /* Resources */ = {
			isa = PBXResourcesBuildPhase;
			buildActionMask = 2147483647;
			files = (
			);
			runOnlyForDeploymentPostprocessing = 0;
		};
/* End PBXResourcesBuildPhase section */

/* Begin PBXSourcesBuildPhase section */
		BB3319B22730AF7400891749 /* Sources */ = {
			isa = PBXSourcesBuildPhase;
			buildActionMask = 2147483647;
			files = (
				BB3319EE2730C67B00891749 /* UserListView.swift in Sources */,
				BB3319BA2730AF7400891749 /* AppDelegate.swift in Sources */,
				BB3319BC2730AF7400891749 /* SceneDelegate.swift in Sources */,
			);
			runOnlyForDeploymentPostprocessing = 0;
		};
		BB3319C82730AF7500891749 /* Sources */ = {
			isa = PBXSourcesBuildPhase;
			buildActionMask = 2147483647;
			files = (
				BB3319D12730AF7500891749 /* homeworkTests.swift in Sources */,
			);
			runOnlyForDeploymentPostprocessing = 0;
		};
		BB3319D32730AF7500891749 /* Sources */ = {
			isa = PBXSourcesBuildPhase;
			buildActionMask = 2147483647;
			files = (
				BB3319DC2730AF7500891749 /* homeworkUITests.swift in Sources */,
			);
			runOnlyForDeploymentPostprocessing = 0;
		};
/* End PBXSourcesBuildPhase section */

/* Begin PBXTargetDependency section */
		BB3319CE2730AF7500891749 /* PBXTargetDependency */ = {
			isa = PBXTargetDependency;
			target = BB3319B52730AF7400891749 /* homework */;
			targetProxy = BB3319CD2730AF7500891749 /* PBXContainerItemProxy */;
		};
		BB3319D92730AF7500891749 /* PBXTargetDependency */ = {
			isa = PBXTargetDependency;
			target = BB3319B52730AF7400891749 /* homework */;
			targetProxy = BB3319D82730AF7500891749 /* PBXContainerItemProxy */;
		};
/* End PBXTargetDependency section */

/* Begin PBXVariantGroup section */
		BB3319C42730AF7500891749 /* LaunchScreen.storyboard */ = {
			isa = PBXVariantGroup;
			children = (
				BB3319C52730AF7500891749 /* Base */,
			);
			name = LaunchScreen.storyboard;
			sourceTree = "<group>";
		};
/* End PBXVariantGroup section */

/* Begin XCBuildConfiguration section */
		BB3319DE2730AF7500891749 /* Debug */ = {
			isa = XCBuildConfiguration;
			buildSettings = {
				ALWAYS_SEARCH_USER_PATHS = NO;
				CLANG_ANALYZER_NONNULL = YES;
				CLANG_ANALYZER_NUMBER_OBJECT_CONVERSION = YES_AGGRESSIVE;
				CLANG_CXX_LANGUAGE_STANDARD = "gnu++14";
				CLANG_CXX_LIBRARY = "libc++";
				CLANG_ENABLE_MODULES = YES;
				CLANG_ENABLE_OBJC_ARC = YES;
				CLANG_ENABLE_OBJC_WEAK = YES;
				CLANG_WARN_BLOCK_CAPTURE_AUTORELEASING = YES;
				CLANG_WARN_BOOL_CONVERSION = YES;
				CLANG_WARN_COMMA = YES;
				CLANG_WARN_CONSTANT_CONVERSION = YES;
				CLANG_WARN_DEPRECATED_OBJC_IMPLEMENTATIONS = YES;
				CLANG_WARN_DIRECT_OBJC_ISA_USAGE = YES_ERROR;
				CLANG_WARN_DOCUMENTATION_COMMENTS = YES;
				CLANG_WARN_EMPTY_BODY = YES;
				CLANG_WARN_ENUM_CONVERSION = YES;
				CLANG_WARN_INFINITE_RECURSION = YES;
				CLANG_WARN_INT_CONVERSION = YES;
				CLANG_WARN_NON_LITERAL_NULL_CONVERSION = YES;
				CLANG_WARN_OBJC_IMPLICIT_RETAIN_SELF = YES;
				CLANG_WARN_OBJC_LITERAL_CONVERSION = YES;
				CLANG_WARN_OBJC_ROOT_CLASS = YES_ERROR;
				CLANG_WARN_QUOTED_INCLUDE_IN_FRAMEWORK_HEADER = YES;
				CLANG_WARN_RANGE_LOOP_ANALYSIS = YES;
				CLANG_WARN_STRICT_PROTOTYPES = YES;
				CLANG_WARN_SUSPICIOUS_MOVE = YES;
				CLANG_WARN_UNGUARDED_AVAILABILITY = YES_AGGRESSIVE;
				CLANG_WARN_UNREACHABLE_CODE = YES;
				CLANG_WARN__DUPLICATE_METHOD_MATCH = YES;
				COPY_PHASE_STRIP = NO;
				DEBUG_INFORMATION_FORMAT = dwarf;
				ENABLE_STRICT_OBJC_MSGSEND = YES;
				ENABLE_TESTABILITY = YES;
				GCC_C_LANGUAGE_STANDARD = gnu11;
				GCC_DYNAMIC_NO_PIC = NO;
				GCC_NO_COMMON_BLOCKS = YES;
				GCC_OPTIMIZATION_LEVEL = 0;
				GCC_PREPROCESSOR_DEFINITIONS = (
					"DEBUG=1",
					"$(inherited)",
				);
				GCC_WARN_64_TO_32_BIT_CONVERSION = YES;
				GCC_WARN_ABOUT_RETURN_TYPE = YES_ERROR;
				GCC_WARN_UNDECLARED_SELECTOR = YES;
				GCC_WARN_UNINITIALIZED_AUTOS = YES_AGGRESSIVE;
				GCC_WARN_UNUSED_FUNCTION = YES;
				GCC_WARN_UNUSED_VARIABLE = YES;
				IPHONEOS_DEPLOYMENT_TARGET = 14.5;
				MTL_ENABLE_DEBUG_INFO = INCLUDE_SOURCE;
				MTL_FAST_MATH = YES;
				ONLY_ACTIVE_ARCH = YES;
				SDKROOT = iphoneos;
				SWIFT_ACTIVE_COMPILATION_CONDITIONS = DEBUG;
				SWIFT_OPTIMIZATION_LEVEL = "-Onone";
			};
			name = Debug;
		};
		BB3319DF2730AF7500891749 /* Release */ = {
			isa = XCBuildConfiguration;
			buildSettings = {
				ALWAYS_SEARCH_USER_PATHS = NO;
				CLANG_ANALYZER_NONNULL = YES;
				CLANG_ANALYZER_NUMBER_OBJECT_CONVERSION = YES_AGGRESSIVE;
				CLANG_CXX_LANGUAGE_STANDARD = "gnu++14";
				CLANG_CXX_LIBRARY = "libc++";
				CLANG_ENABLE_MODULES = YES;
				CLANG_ENABLE_OBJC_ARC = YES;
				CLANG_ENABLE_OBJC_WEAK = YES;
				CLANG_WARN_BLOCK_CAPTURE_AUTORELEASING = YES;
				CLANG_WARN_BOOL_CONVERSION = YES;
				CLANG_WARN_COMMA = YES;
				CLANG_WARN_CONSTANT_CONVERSION = YES;
				CLANG_WARN_DEPRECATED_OBJC_IMPLEMENTATIONS = YES;
				CLANG_WARN_DIRECT_OBJC_ISA_USAGE = YES_ERROR;
				CLANG_WARN_DOCUMENTATION_COMMENTS = YES;
				CLANG_WARN_EMPTY_BODY = YES;
				CLANG_WARN_ENUM_CONVERSION = YES;
				CLANG_WARN_INFINITE_RECURSION = YES;
				CLANG_WARN_INT_CONVERSION = YES;
				CLANG_WARN_NON_LITERAL_NULL_CONVERSION = YES;
				CLANG_WARN_OBJC_IMPLICIT_RETAIN_SELF = YES;
				CLANG_WARN_OBJC_LITERAL_CONVERSION = YES;
				CLANG_WARN_OBJC_ROOT_CLASS = YES_ERROR;
				CLANG_WARN_QUOTED_INCLUDE_IN_FRAMEWORK_HEADER = YES;
				CLANG_WARN_RANGE_LOOP_ANALYSIS = YES;
				CLANG_WARN_STRICT_PROTOTYPES = YES;
				CLANG_WARN_SUSPICIOUS_MOVE = YES;
				CLANG_WARN_UNGUARDED_AVAILABILITY = YES_AGGRESSIVE;
				CLANG_WARN_UNREACHABLE_CODE = YES;
				CLANG_WARN__DUPLICATE_METHOD_MATCH = YES;
				COPY_PHASE_STRIP = NO;
				DEBUG_INFORMATION_FORMAT = "dwarf-with-dsym";
				ENABLE_NS_ASSERTIONS = NO;
				ENABLE_STRICT_OBJC_MSGSEND = YES;
				GCC_C_LANGUAGE_STANDARD = gnu11;
				GCC_NO_COMMON_BLOCKS = YES;
				GCC_WARN_64_TO_32_BIT_CONVERSION = YES;
				GCC_WARN_ABOUT_RETURN_TYPE = YES_ERROR;
				GCC_WARN_UNDECLARED_SELECTOR = YES;
				GCC_WARN_UNINITIALIZED_AUTOS = YES_AGGRESSIVE;
				GCC_WARN_UNUSED_FUNCTION = YES;
				GCC_WARN_UNUSED_VARIABLE = YES;
				IPHONEOS_DEPLOYMENT_TARGET = 14.5;
				MTL_ENABLE_DEBUG_INFO = NO;
				MTL_FAST_MATH = YES;
				SDKROOT = iphoneos;
				SWIFT_COMPILATION_MODE = wholemodule;
				SWIFT_OPTIMIZATION_LEVEL = "-O";
				VALIDATE_PRODUCT = YES;
			};
			name = Release;
		};
		BB3319E12730AF7500891749 /* Debug */ = {
			isa = XCBuildConfiguration;
			buildSettings = {
				ASSETCATALOG_COMPILER_APPICON_NAME = AppIcon;
				ASSETCATALOG_COMPILER_GLOBAL_ACCENT_COLOR_NAME = AccentColor;
				CODE_SIGN_STYLE = Automatic;
				DEVELOPMENT_ASSET_PATHS = "\"homework/Preview Content\"";
				DEVELOPMENT_TEAM = W3RGGYNV99;
				ENABLE_PREVIEWS = YES;
				INFOPLIST_FILE = homework/Info.plist;
				LD_RUNPATH_SEARCH_PATHS = (
					"$(inherited)",
					"@executable_path/Frameworks",
				);
				PRODUCT_BUNDLE_IDENTIFIER = com.xiaochuan.yao.homework;
				PRODUCT_NAME = "$(TARGET_NAME)";
				SWIFT_VERSION = 5.0;
				TARGETED_DEVICE_FAMILY = "1,2";
			};
			name = Debug;
		};
		BB3319E22730AF7500891749 /* Release */ = {
			isa = XCBuildConfiguration;
			buildSettings = {
				ASSETCATALOG_COMPILER_APPICON_NAME = AppIcon;
				ASSETCATALOG_COMPILER_GLOBAL_ACCENT_COLOR_NAME = AccentColor;
				CODE_SIGN_STYLE = Automatic;
				DEVELOPMENT_ASSET_PATHS = "\"homework/Preview Content\"";
				DEVELOPMENT_TEAM = W3RGGYNV99;
				ENABLE_PREVIEWS = YES;
				INFOPLIST_FILE = homework/Info.plist;
				LD_RUNPATH_SEARCH_PATHS = (
					"$(inherited)",
					"@executable_path/Frameworks",
				);
				PRODUCT_BUNDLE_IDENTIFIER = com.xiaochuan.yao.homework;
				PRODUCT_NAME = "$(TARGET_NAME)";
				SWIFT_VERSION = 5.0;
				TARGETED_DEVICE_FAMILY = "1,2";
			};
			name = Release;
		};
		BB3319E42730AF7500891749 /* Debug */ = {
			isa = XCBuildConfiguration;
			buildSettings = {
				ALWAYS_EMBED_SWIFT_STANDARD_LIBRARIES = YES;
				BUNDLE_LOADER = "$(TEST_HOST)";
				CODE_SIGN_STYLE = Automatic;
				DEVELOPMENT_TEAM = W3RGGYNV99;
				INFOPLIST_FILE = homeworkTests/Info.plist;
				IPHONEOS_DEPLOYMENT_TARGET = 14.5;
				LD_RUNPATH_SEARCH_PATHS = (
					"$(inherited)",
					"@executable_path/Frameworks",
					"@loader_path/Frameworks",
				);
				PRODUCT_BUNDLE_IDENTIFIER = com.xiaochuan.yao.homeworkTests;
				PRODUCT_NAME = "$(TARGET_NAME)";
				SWIFT_VERSION = 5.0;
				TARGETED_DEVICE_FAMILY = "1,2";
				TEST_HOST = "$(BUILT_PRODUCTS_DIR)/homework.app/homework";
			};
			name = Debug;
		};
		BB3319E52730AF7500891749 /* Release */ = {
			isa = XCBuildConfiguration;
			buildSettings = {
				ALWAYS_EMBED_SWIFT_STANDARD_LIBRARIES = YES;
				BUNDLE_LOADER = "$(TEST_HOST)";
				CODE_SIGN_STYLE = Automatic;
				DEVELOPMENT_TEAM = W3RGGYNV99;
				INFOPLIST_FILE = homeworkTests/Info.plist;
				IPHONEOS_DEPLOYMENT_TARGET = 14.5;
				LD_RUNPATH_SEARCH_PATHS = (
					"$(inherited)",
					"@executable_path/Frameworks",
					"@loader_path/Frameworks",
				);
				PRODUCT_BUNDLE_IDENTIFIER = com.xiaochuan.yao.homeworkTests;
				PRODUCT_NAME = "$(TARGET_NAME)";
				SWIFT_VERSION = 5.0;
				TARGETED_DEVICE_FAMILY = "1,2";
				TEST_HOST = "$(BUILT_PRODUCTS_DIR)/homework.app/homework";
			};
			name = Release;
		};
		BB3319E72730AF7500891749 /* Debug */ = {
			isa = XCBuildConfiguration;
			buildSettings = {
				ALWAYS_EMBED_SWIFT_STANDARD_LIBRARIES = YES;
				CODE_SIGN_STYLE = Automatic;
				DEVELOPMENT_TEAM = W3RGGYNV99;
				INFOPLIST_FILE = homeworkUITests/Info.plist;
				LD_RUNPATH_SEARCH_PATHS = (
					"$(inherited)",
					"@executable_path/Frameworks",
					"@loader_path/Frameworks",
				);
				PRODUCT_BUNDLE_IDENTIFIER = com.xiaochuan.yao.homeworkUITests;
				PRODUCT_NAME = "$(TARGET_NAME)";
				SWIFT_VERSION = 5.0;
				TARGETED_DEVICE_FAMILY = "1,2";
				TEST_TARGET_NAME = homework;
			};
			name = Debug;
		};
		BB3319E82730AF7500891749 /* Release */ = {
			isa = XCBuildConfiguration;
			buildSettings = {
				ALWAYS_EMBED_SWIFT_STANDARD_LIBRARIES = YES;
				CODE_SIGN_STYLE = Automatic;
				DEVELOPMENT_TEAM = W3RGGYNV99;
				INFOPLIST_FILE = homeworkUITests/Info.plist;
				LD_RUNPATH_SEARCH_PATHS = (
					"$(inherited)",
					"@executable_path/Frameworks",
					"@loader_path/Frameworks",
				);
				PRODUCT_BUNDLE_IDENTIFIER = com.xiaochuan.yao.homeworkUITests;
				PRODUCT_NAME = "$(TARGET_NAME)";
				SWIFT_VERSION = 5.0;
				TARGETED_DEVICE_FAMILY = "1,2";
				TEST_TARGET_NAME = homework;
			};
			name = Release;
		};
/* End XCBuildConfiguration section */

/* Begin XCConfigurationList section */
		BB3319B12730AF7400891749 /* Build configuration list for PBXProject "homework" */ = {
			isa = XCConfigurationList;
			buildConfigurations = (
				BB3319DE2730AF7500891749 /* Debug */,
				BB3319DF2730AF7500891749 /* Release */,
			);
			defaultConfigurationIsVisible = 0;
			defaultConfigurationName = Release;
		};
		BB3319E02730AF7500891749 /* Build configuration list for PBXNativeTarget "homework" */ = {
			isa = XCConfigurationList;
			buildConfigurations = (
				BB3319E12730AF7500891749 /* Debug */,
				BB3319E22730AF7500891749 /* Release */,
			);
			defaultConfigurationIsVisible = 0;
			defaultConfigurationName = Release;
		};
		BB3319E32730AF7500891749 /* Build configuration list for PBXNativeTarget "homeworkTests" */ = {
			isa = XCConfigurationList;
			buildConfigurations = (
				BB3319E42730AF7500891749 /* Debug */,
				BB3319E52730AF7500891749 /* Release */,
			);
			defaultConfigurationIsVisible = 0;
			defaultConfigurationName = Release;
		};
		BB3319E62730AF7500891749 /* Build configuration list for PBXNativeTarget "homeworkUITests" */ = {
			isa = XCConfigurationList;
			buildConfigurations = (
				BB3319E72730AF7500891749 /* Debug */,
				BB3319E82730AF7500891749 /* Release */,
			);
			defaultConfigurationIsVisible = 0;
			defaultConfigurationName = Release;
		};
/* End XCConfigurationList section */
	};
	rootObject = BB3319AE2730AF7400891749 /* Project object */;
}
